
Microsoft Visual Studio Solution File, Format Version 12.00
# Visual Studio Version 17
VisualStudioVersion = 17.2.32616.157
MinimumVisualStudioVersion = 10.0.40219.1
Project("{FAE04EC0-301F-11D3-BF4B-00C04F79EFBC}") = "IntroEFCF", "IntroEFCF\IntroEFCF.csproj", "{D89CAB1D-DC6A-420E-87D2-7C8F6FE08360}"
EndProject
Global
	GlobalSection(SolutionConfigurationPlatforms) = preSolution
		Debug|Any CPU = Debug|Any CPU
		Release|Any CPU = Release|Any CPU
	EndGlobalSection
	GlobalSection(ProjectConfigurationPlatforms) = postSolution
		{D89CAB1D-DC6A-420E-87D2-7C8F6FE08360}.Debug|Any CPU.ActiveCfg = Debug|Any CPU
		{D89CAB1D-DC6A-420E-87D2-7C8F6FE08360}.Debug|Any CPU.Build.0 = Debug|Any CPU
		{D89CAB1D-DC6A-420E-87D2-7C8F6FE08360}.Release|Any CPU.ActiveCfg = Release|Any CPU
		{D89CAB1D-DC6A-420E-87D2-7C8F6FE08360}.Release|Any CPU.Build.0 = Release|Any CPU
	EndGlobalSection
	GlobalSection(SolutionProperties) = preSolution
		HideSolutionNode = FALSE
	EndGlobalSection
	GlobalSection(ExtensibilityGlobals) = postSolution
		SolutionGuid = {337EC8BC-5D81-46DB-8C65-F2716FC4A32C}
	EndGlobalSection
EndGlobal
