
Microsoft Visual Studio Solution File, Format Version 12.00
# Visual Studio Version 17
VisualStudioVersion = 17.2.32616.157
MinimumVisualStudioVersion = 10.0.40219.1
Project("{FAE04EC0-301F-11D3-BF4B-00C04F79EFBC}") = "PMSDemo", "PMSDemo\PMSDemo.csproj", "{C9649F9B-8034-4E20-A4E7-42B7D89B9316}"
EndProject
Global
	GlobalSection(SolutionConfigurationPlatforms) = preSolution
		Debug|Any CPU = Debug|Any CPU
		Release|Any CPU = Release|Any CPU
	EndGlobalSection
	GlobalSection(ProjectConfigurationPlatforms) = postSolution
		{C9649F9B-8034-4E20-A4E7-42B7D89B9316}.Debug|Any CPU.ActiveCfg = Debug|Any CPU
		{C9649F9B-8034-4E20-A4E7-42B7D89B9316}.Debug|Any CPU.Build.0 = Debug|Any CPU
		{C9649F9B-8034-4E20-A4E7-42B7D89B9316}.Release|Any CPU.ActiveCfg = Release|Any CPU
		{C9649F9B-8034-4E20-A4E7-42B7D89B9316}.Release|Any CPU.Build.0 = Release|Any CPU
	EndGlobalSection
	GlobalSection(SolutionProperties) = preSolution
		HideSolutionNode = FALSE
	EndGlobalSection
	GlobalSection(ExtensibilityGlobals) = postSolution
		SolutionGuid = {2649B3D4-8B30-46FA-97CE-7B5032D4ABB4}
	EndGlobalSection
EndGlobal
